
Microsoft Visual Studio Solution File, Format Version 12.00
# Visual Studio Version 16
VisualStudioVersion = 16.0.31515.178
MinimumVisualStudioVersion = 10.0.40219.1
Project("{FAE04EC0-301F-11D3-BF4B-00C04F79EFBC}") = "asp", "asp\asp.csproj", "{DDA8311C-A724-4B39-82CC-62CFA73579AE}"
EndProject
Project("{FAE04EC0-301F-11D3-BF4B-00C04F79EFBC}") = "WebService", "WebService\WebService.csproj", "{B625A9D3-5266-4BC4-AE21-E87E0F4AA3AD}"
EndProject
Project("{FAE04EC0-301F-11D3-BF4B-00C04F79EFBC}") = "Modelo", "Modelo\Modelo.csproj", "{B8C4EE8F-DD68-4D8E-B824-9BB638CAF7B7}"
EndProject
Global
	GlobalSection(SolutionConfigurationPlatforms) = preSolution
		Debug|Any CPU = Debug|Any CPU
		Release|Any CPU = Release|Any CPU
	EndGlobalSection
	GlobalSection(ProjectConfigurationPlatforms) = postSolution
		{DDA8311C-A724-4B39-82CC-62CFA73579AE}.Debug|Any CPU.ActiveCfg = Debug|Any CPU
		{DDA8311C-A724-4B39-82CC-62CFA73579AE}.Debug|Any CPU.Build.0 = Debug|Any CPU
		{DDA8311C-A724-4B39-82CC-62CFA73579AE}.Release|Any CPU.ActiveCfg = Release|Any CPU
		{DDA8311C-A724-4B39-82CC-62CFA73579AE}.Release|Any CPU.Build.0 = Release|Any CPU
		{B625A9D3-5266-4BC4-AE21-E87E0F4AA3AD}.Debug|Any CPU.ActiveCfg = Debug|Any CPU
		{B625A9D3-5266-4BC4-AE21-E87E0F4AA3AD}.Debug|Any CPU.Build.0 = Debug|Any CPU
		{B625A9D3-5266-4BC4-AE21-E87E0F4AA3AD}.Release|Any CPU.ActiveCfg = Release|Any CPU
		{B625A9D3-5266-4BC4-AE21-E87E0F4AA3AD}.Release|Any CPU.Build.0 = Release|Any CPU
		{B8C4EE8F-DD68-4D8E-B824-9BB638CAF7B7}.Debug|Any CPU.ActiveCfg = Debug|Any CPU
		{B8C4EE8F-DD68-4D8E-B824-9BB638CAF7B7}.Debug|Any CPU.Build.0 = Debug|Any CPU
		{B8C4EE8F-DD68-4D8E-B824-9BB638CAF7B7}.Release|Any CPU.ActiveCfg = Release|Any CPU
		{B8C4EE8F-DD68-4D8E-B824-9BB638CAF7B7}.Release|Any CPU.Build.0 = Release|Any CPU
	EndGlobalSection
	GlobalSection(SolutionProperties) = preSolution
		HideSolutionNode = FALSE
	EndGlobalSection
	GlobalSection(ExtensibilityGlobals) = postSolution
		SolutionGuid = {8B117A8E-782F-4CF7-8423-84A554A88FF1}
	EndGlobalSection
EndGlobal
