
Microsoft Visual Studio Solution File, Format Version 12.00
# Visual Studio Version 16
VisualStudioVersion = 16.0.31515.178
MinimumVisualStudioVersion = 10.0.40219.1
Project("{FAE04EC0-301F-11D3-BF4B-00C04F79EFBC}") = "ejercicio", "ejercicio\ejercicio.csproj", "{35CE3759-96DA-427C-A54A-FD8781396665}"
EndProject
Global
	GlobalSection(SolutionConfigurationPlatforms) = preSolution
		Debug|Any CPU = Debug|Any CPU
		Release|Any CPU = Release|Any CPU
	EndGlobalSection
	GlobalSection(ProjectConfigurationPlatforms) = postSolution
		{35CE3759-96DA-427C-A54A-FD8781396665}.Debug|Any CPU.ActiveCfg = Debug|Any CPU
		{35CE3759-96DA-427C-A54A-FD8781396665}.Debug|Any CPU.Build.0 = Debug|Any CPU
		{35CE3759-96DA-427C-A54A-FD8781396665}.Release|Any CPU.ActiveCfg = Release|Any CPU
		{35CE3759-96DA-427C-A54A-FD8781396665}.Release|Any CPU.Build.0 = Release|Any CPU
	EndGlobalSection
	GlobalSection(SolutionProperties) = preSolution
		HideSolutionNode = FALSE
	EndGlobalSection
	GlobalSection(ExtensibilityGlobals) = postSolution
		SolutionGuid = {CFFE3492-9DDA-412F-B3D7-DA39281EE243}
	EndGlobalSection
EndGlobal
