
Microsoft Visual Studio Solution File, Format Version 12.00
# Visual Studio Version 16
VisualStudioVersion = 16.0.31515.178
MinimumVisualStudioVersion = 10.0.40219.1
Project("{FAE04EC0-301F-11D3-BF4B-00C04F79EFBC}") = "ejercicios", "ejercicios\ejercicios.csproj", "{3B011B1F-6EB9-40FD-8266-8E80B81D55C6}"
EndProject
Project("{FAE04EC0-301F-11D3-BF4B-00C04F79EFBC}") = "asp", "asp\asp.csproj", "{17773FDA-F8EA-444C-8595-676DBABAE1D0}"
EndProject
Project("{FAE04EC0-301F-11D3-BF4B-00C04F79EFBC}") = "xml", "xml\xml.csproj", "{1E6E10EA-3FDC-4143-BD92-5D50089F1582}"
EndProject
Global
	GlobalSection(SolutionConfigurationPlatforms) = preSolution
		Debug|Any CPU = Debug|Any CPU
		Release|Any CPU = Release|Any CPU
	EndGlobalSection
	GlobalSection(ProjectConfigurationPlatforms) = postSolution
		{3B011B1F-6EB9-40FD-8266-8E80B81D55C6}.Debug|Any CPU.ActiveCfg = Debug|Any CPU
		{3B011B1F-6EB9-40FD-8266-8E80B81D55C6}.Debug|Any CPU.Build.0 = Debug|Any CPU
		{3B011B1F-6EB9-40FD-8266-8E80B81D55C6}.Release|Any CPU.ActiveCfg = Release|Any CPU
		{3B011B1F-6EB9-40FD-8266-8E80B81D55C6}.Release|Any CPU.Build.0 = Release|Any CPU
		{17773FDA-F8EA-444C-8595-676DBABAE1D0}.Debug|Any CPU.ActiveCfg = Debug|Any CPU
		{17773FDA-F8EA-444C-8595-676DBABAE1D0}.Debug|Any CPU.Build.0 = Debug|Any CPU
		{17773FDA-F8EA-444C-8595-676DBABAE1D0}.Release|Any CPU.ActiveCfg = Release|Any CPU
		{17773FDA-F8EA-444C-8595-676DBABAE1D0}.Release|Any CPU.Build.0 = Release|Any CPU
		{1E6E10EA-3FDC-4143-BD92-5D50089F1582}.Debug|Any CPU.ActiveCfg = Debug|Any CPU
		{1E6E10EA-3FDC-4143-BD92-5D50089F1582}.Debug|Any CPU.Build.0 = Debug|Any CPU
		{1E6E10EA-3FDC-4143-BD92-5D50089F1582}.Release|Any CPU.ActiveCfg = Release|Any CPU
		{1E6E10EA-3FDC-4143-BD92-5D50089F1582}.Release|Any CPU.Build.0 = Release|Any CPU
	EndGlobalSection
	GlobalSection(SolutionProperties) = preSolution
		HideSolutionNode = FALSE
	EndGlobalSection
	GlobalSection(ExtensibilityGlobals) = postSolution
		SolutionGuid = {13650F78-9225-4462-9BE0-BEBA2C48248E}
	EndGlobalSection
EndGlobal
