
Microsoft Visual Studio Solution File, Format Version 12.00
# Visual Studio Version 16
VisualStudioVersion = 16.0.31515.178
MinimumVisualStudioVersion = 10.0.40219.1
Project("{FAE04EC0-301F-11D3-BF4B-00C04F79EFBC}") = "asp", "asp\asp.csproj", "{AC7D4143-6EFF-4D13-9163-64101A14E82E}"
EndProject
Global
	GlobalSection(SolutionConfigurationPlatforms) = preSolution
		Debug|Any CPU = Debug|Any CPU
		Release|Any CPU = Release|Any CPU
	EndGlobalSection
	GlobalSection(ProjectConfigurationPlatforms) = postSolution
		{AC7D4143-6EFF-4D13-9163-64101A14E82E}.Debug|Any CPU.ActiveCfg = Debug|Any CPU
		{AC7D4143-6EFF-4D13-9163-64101A14E82E}.Debug|Any CPU.Build.0 = Debug|Any CPU
		{AC7D4143-6EFF-4D13-9163-64101A14E82E}.Release|Any CPU.ActiveCfg = Release|Any CPU
		{AC7D4143-6EFF-4D13-9163-64101A14E82E}.Release|Any CPU.Build.0 = Release|Any CPU
	EndGlobalSection
	GlobalSection(SolutionProperties) = preSolution
		HideSolutionNode = FALSE
	EndGlobalSection
	GlobalSection(ExtensibilityGlobals) = postSolution
		SolutionGuid = {967EF49E-1D7D-4607-8678-6AA4D175E500}
	EndGlobalSection
EndGlobal
