
Microsoft Visual Studio Solution File, Format Version 12.00
# Visual Studio Version 16
VisualStudioVersion = 16.0.31515.178
MinimumVisualStudioVersion = 10.0.40219.1
Project("{FAE04EC0-301F-11D3-BF4B-00C04F79EFBC}") = "ejercicio", "ejercicio\ejercicio.csproj", "{2AEA1603-4B29-4BD7-8BE1-4F7770D71C0B}"
EndProject
Global
	GlobalSection(SolutionConfigurationPlatforms) = preSolution
		Debug|Any CPU = Debug|Any CPU
		Release|Any CPU = Release|Any CPU
	EndGlobalSection
	GlobalSection(ProjectConfigurationPlatforms) = postSolution
		{2AEA1603-4B29-4BD7-8BE1-4F7770D71C0B}.Debug|Any CPU.ActiveCfg = Debug|Any CPU
		{2AEA1603-4B29-4BD7-8BE1-4F7770D71C0B}.Debug|Any CPU.Build.0 = Debug|Any CPU
		{2AEA1603-4B29-4BD7-8BE1-4F7770D71C0B}.Release|Any CPU.ActiveCfg = Release|Any CPU
		{2AEA1603-4B29-4BD7-8BE1-4F7770D71C0B}.Release|Any CPU.Build.0 = Release|Any CPU
	EndGlobalSection
	GlobalSection(SolutionProperties) = preSolution
		HideSolutionNode = FALSE
	EndGlobalSection
	GlobalSection(ExtensibilityGlobals) = postSolution
		SolutionGuid = {C31B7FC1-EE23-4D69-9CE4-E840996C4EEC}
	EndGlobalSection
EndGlobal
